// !$*UTF8*$!
{
	archiveVersion = 1;
	classes = {
	};
	objectVersion = 77;
	objects = {

/* Begin PBXBuildFile section */
		F1E1D1C42F75789B00274504 /* RestTimerActivityAttributes.swift in Sources */ = {isa = PBXBuildFile; fileRef = F1E1D1C32F75789B00274503 /* RestTimerActivityAttributes.swift */; };
		F1E1D1C52F75789B00274505 /* RestTimerActivityAttributes.swift in Sources */ = {isa = PBXBuildFile; fileRef = F1E1D1C32F75789B00274503 /* RestTimerActivityAttributes.swift */; };
		F1E1D1C72F75789B00274507 /* RestTimerLiveActivity.swift in Sources */ = {isa = PBXBuildFile; fileRef = F1E1D1C62F75789B00274506 /* RestTimerLiveActivity.swift */; };
		F1E1D1C92F75789B00274509 /* RestTimerLiveActivityExtension.swift in Sources */ = {isa = PBXBuildFile; fileRef = F1E1D1C82F75789B00274508 /* RestTimerLiveActivityExtension.swift */; };
		F1E1D1CC2F75789B0027450C /* RestTimerLiveActivityExtension.appex in Embed Foundation Extensions */ = {isa = PBXBuildFile; fileRef = F1E1D1C12F75789B00274501 /* RestTimerLiveActivityExtension.appex */; settings = {ATTRIBUTES = (RemoveHeadersOnCopy, ); }; };
		F1E1D1D52F75789B00274515 /* WidgetKit.framework in Frameworks */ = {isa = PBXBuildFile; fileRef = F1E1D1D42F75789B00274514 /* WidgetKit.framework */; };
		F1E1D1D72F75789B00274517 /* ActivityKit.framework in Frameworks */ = {isa = PBXBuildFile; fileRef = F1E1D1D62F75789B00274516 /* ActivityKit.framework */; };
/* End PBXBuildFile section */

/* Begin PBXContainerItemProxy section */
		F1E1D1CD2F75789B0027450D /* PBXContainerItemProxy */ = {
			isa = PBXContainerItemProxy;
			containerPortal = 549DA6962F75789900274588 /* Project object */;
			proxyType = 1;
			remoteGlobalIDString = F1E1D1C22F75789B00274502;
			remoteInfo = RestTimerLiveActivityExtension;
		};
/* End PBXContainerItemProxy section */

/* Begin PBXCopyFilesBuildPhase section */
		F1E1D1CB2F75789B0027450B /* Embed Foundation Extensions */ = {
			isa = PBXCopyFilesBuildPhase;
			buildActionMask = 2147483647;
			dstPath = "";
			dstSubfolderSpec = 13;
			files = (
				F1E1D1CC2F75789B0027450C /* RestTimerLiveActivityExtension.appex in Embed Foundation Extensions */,
			);
			name = "Embed Foundation Extensions";
			runOnlyForDeploymentPostprocessing = 0;
		};
/* End PBXCopyFilesBuildPhase section */

/* Begin PBXFileReference section */
		549DA69E2F75789900274588 /* JIMM.app */ = {isa = PBXFileReference; explicitFileType = wrapper.application; includeInIndex = 0; path = JIMM.app; sourceTree = BUILT_PRODUCTS_DIR; };
		F1E1D1C12F75789B00274501 /* RestTimerLiveActivityExtension.appex */ = {isa = PBXFileReference; explicitFileType = "wrapper.app-extension"; includeInIndex = 0; path = RestTimerLiveActivityExtension.appex; sourceTree = BUILT_PRODUCTS_DIR; };
		F1E1D1C32F75789B00274503 /* RestTimerActivityAttributes.swift */ = {isa = PBXFileReference; lastKnownFileType = sourcecode.swift; path = RestTimerActivityAttributes.swift; sourceTree = "<group>"; };
		F1E1D1C62F75789B00274506 /* RestTimerLiveActivity.swift */ = {isa = PBXFileReference; lastKnownFileType = sourcecode.swift; path = RestTimerLiveActivity.swift; sourceTree = "<group>"; };
		F1E1D1C82F75789B00274508 /* RestTimerLiveActivityExtension.swift */ = {isa = PBXFileReference; lastKnownFileType = sourcecode.swift; path = RestTimerLiveActivityExtension.swift; sourceTree = "<group>"; };
		F1E1D1CA2F75789B0027450A /* Info.plist */ = {isa = PBXFileReference; lastKnownFileType = text.plist.xml; path = Info.plist; sourceTree = "<group>"; };
		F1E1D1D42F75789B00274514 /* WidgetKit.framework */ = {isa = PBXFileReference; lastKnownFileType = wrapper.framework; name = WidgetKit.framework; path = System/Library/Frameworks/WidgetKit.framework; sourceTree = SDKROOT; };
		F1E1D1D62F75789B00274516 /* ActivityKit.framework */ = {isa = PBXFileReference; lastKnownFileType = wrapper.framework; name = ActivityKit.framework; path = System/Library/Frameworks/ActivityKit.framework; sourceTree = SDKROOT; };
/* End PBXFileReference section */

/* Begin PBXFileSystemSynchronizedRootGroup section */
		549DA6A02F75789900274588 /* JIMM */ = {
			isa = PBXFileSystemSynchronizedRootGroup;
			path = JIMM;
			sourceTree = "<group>";
		};
/* End PBXFileSystemSynchronizedRootGroup section */

/* Begin PBXFrameworksBuildPhase section */
		549DA69B2F75789900274588 /* Frameworks */ = {
			isa = PBXFrameworksBuildPhase;
			buildActionMask = 2147483647;
			files = (
			);
			runOnlyForDeploymentPostprocessing = 0;
		};
		F1E1D1CF2F75789B0027450F /* Frameworks */ = {
			isa = PBXFrameworksBuildPhase;
			buildActionMask = 2147483647;
			files = (
				F1E1D1D72F75789B00274517 /* ActivityKit.framework in Frameworks */,
				F1E1D1D52F75789B00274515 /* WidgetKit.framework in Frameworks */,
			);
			runOnlyForDeploymentPostprocessing = 0;
		};
/* End PBXFrameworksBuildPhase section */

/* Begin PBXGroup section */
		544091742FB50B29001F3AF8 /* Recovered References */ = {
			isa = PBXGroup;
			children = (
				F1E1D1D62F75789B00274516 /* ActivityKit.framework */,
				F1E1D1D42F75789B00274514 /* WidgetKit.framework */,
			);
			name = "Recovered References";
			sourceTree = "<group>";
		};
		549DA6952F75789900274588 = {
			isa = PBXGroup;
			children = (
				549DA6A02F75789900274588 /* JIMM */,
				F1E1D1D32F75789B00274513 /* SharedLiveActivity */,
				F1E1D1D22F75789B00274512 /* RestTimerLiveActivityExtension */,
				549DA69F2F75789900274588 /* Products */,
				544091742FB50B29001F3AF8 /* Recovered References */,
			);
			sourceTree = "<group>";
		};
		549DA69F2F75789900274588 /* Products */ = {
			isa = PBXGroup;
			children = (
				549DA69E2F75789900274588 /* JIMM.app */,
				F1E1D1C12F75789B00274501 /* RestTimerLiveActivityExtension.appex */,
			);
			name = Products;
			sourceTree = "<group>";
		};
		F1E1D1D22F75789B00274512 /* RestTimerLiveActivityExtension */ = {
			isa = PBXGroup;
			children = (
				F1E1D1CA2F75789B0027450A /* Info.plist */,
				F1E1D1C62F75789B00274506 /* RestTimerLiveActivity.swift */,
				F1E1D1C82F75789B00274508 /* RestTimerLiveActivityExtension.swift */,
			);
			path = RestTimerLiveActivityExtension;
			sourceTree = "<group>";
		};
		F1E1D1D32F75789B00274513 /* SharedLiveActivity */ = {
			isa = PBXGroup;
			children = (
				F1E1D1C32F75789B00274503 /* RestTimerActivityAttributes.swift */,
			);
			path = SharedLiveActivity;
			sourceTree = "<group>";
		};
/* End PBXGroup section */

/* Begin PBXNativeTarget section */
		549DA69D2F75789900274588 /* JIMM */ = {
			isa = PBXNativeTarget;
			buildConfigurationList = 549DA6A92F75789B00274588 /* Build configuration list for PBXNativeTarget "JIMM" */;
			buildPhases = (
				549DA69A2F75789900274588 /* Sources */,
				549DA69B2F75789900274588 /* Frameworks */,
				549DA69C2F75789900274588 /* Resources */,
				F1E1D1CB2F75789B0027450B /* Embed Foundation Extensions */,
			);
			buildRules = (
			);
			dependencies = (
				F1E1D1CE2F75789B0027450E /* PBXTargetDependency */,
			);
			fileSystemSynchronizedGroups = (
				549DA6A02F75789900274588 /* JIMM */,
			);
			name = JIMM;
			packageProductDependencies = (
			);
			productName = JIMM;
			productReference = 549DA69E2F75789900274588 /* JIMM.app */;
			productType = "com.apple.product-type.application";
		};
		F1E1D1C22F75789B00274502 /* RestTimerLiveActivityExtension */ = {
			isa = PBXNativeTarget;
			buildConfigurationList = F1E1D1D92F75789B00274519 /* Build configuration list for PBXNativeTarget "RestTimerLiveActivityExtension" */;
			buildPhases = (
				F1E1D1D12F75789B00274511 /* Sources */,
				F1E1D1CF2F75789B0027450F /* Frameworks */,
				F1E1D1D02F75789B00274510 /* Resources */,
			);
			buildRules = (
			);
			dependencies = (
			);
			name = RestTimerLiveActivityExtension;
			packageProductDependencies = (
			);
			productName = RestTimerLiveActivityExtension;
			productReference = F1E1D1C12F75789B00274501 /* RestTimerLiveActivityExtension.appex */;
			productType = "com.apple.product-type.app-extension";
		};
/* End PBXNativeTarget section */

/* Begin PBXProject section */
		549DA6962F75789900274588 /* Project object */ = {
			isa = PBXProject;
			attributes = {
				BuildIndependentTargetsInParallel = 1;
				LastSwiftUpdateCheck = 2640;
				LastUpgradeCheck = 2650;
				TargetAttributes = {
					549DA69D2F75789900274588 = {
						CreatedOnToolsVersion = 26.4;
					};
					F1E1D1C22F75789B00274502 = {
						CreatedOnToolsVersion = 26.4;
					};
				};
			};
			buildConfigurationList = 549DA6992F75789900274588 /* Build configuration list for PBXProject "JIMM" */;
			developmentRegion = en;
			hasScannedForEncodings = 0;
			knownRegions = (
				en,
				Base,
			);
			mainGroup = 549DA6952F75789900274588;
			minimizedProjectReferenceProxies = 1;
			preferredProjectObjectVersion = 77;
			productRefGroup = 549DA69F2F75789900274588 /* Products */;
			projectDirPath = "";
			projectRoot = "";
			targets = (
				549DA69D2F75789900274588 /* JIMM */,
				F1E1D1C22F75789B00274502 /* RestTimerLiveActivityExtension */,
			);
		};
/* End PBXProject section */

/* Begin PBXResourcesBuildPhase section */
		549DA69C2F75789900274588 /* Resources */ = {
			isa = PBXResourcesBuildPhase;
			buildActionMask = 2147483647;
			files = (
			);
			runOnlyForDeploymentPostprocessing = 0;
		};
		F1E1D1D02F75789B00274510 /* Resources */ = {
			isa = PBXResourcesBuildPhase;
			buildActionMask = 2147483647;
			files = (
			);
			runOnlyForDeploymentPostprocessing = 0;
		};
/* End PBXResourcesBuildPhase section */

/* Begin PBXSourcesBuildPhase section */
		549DA69A2F75789900274588 /* Sources */ = {
			isa = PBXSourcesBuildPhase;
			buildActionMask = 2147483647;
			files = (
				F1E1D1C42F75789B00274504 /* RestTimerActivityAttributes.swift in Sources */,
			);
			runOnlyForDeploymentPostprocessing = 0;
		};
		F1E1D1D12F75789B00274511 /* Sources */ = {
			isa = PBXSourcesBuildPhase;
			buildActionMask = 2147483647;
			files = (
				F1E1D1C52F75789B00274505 /* RestTimerActivityAttributes.swift in Sources */,
				F1E1D1C72F75789B00274507 /* RestTimerLiveActivity.swift in Sources */,
				F1E1D1C92F75789B00274509 /* RestTimerLiveActivityExtension.swift in Sources */,
			);
			runOnlyForDeploymentPostprocessing = 0;
		};
/* End PBXSourcesBuildPhase section */

/* Begin PBXTargetDependency section */
		F1E1D1CE2F75789B0027450E /* PBXTargetDependency */ = {
			isa = PBXTargetDependency;
			target = F1E1D1C22F75789B00274502 /* RestTimerLiveActivityExtension */;
			targetProxy = F1E1D1CD2F75789B0027450D /* PBXContainerItemProxy */;
		};
/* End PBXTargetDependency section */

/* Begin XCBuildConfiguration section */
		549DA6A72F75789B00274588 /* Debug */ = {
			isa = XCBuildConfiguration;
			buildSettings = {
				ALWAYS_SEARCH_USER_PATHS = NO;
				ASSETCATALOG_COMPILER_GENERATE_SWIFT_ASSET_SYMBOL_EXTENSIONS = YES;
				CLANG_ANALYZER_NONNULL = YES;
				CLANG_ANALYZER_NUMBER_OBJECT_CONVERSION = YES_AGGRESSIVE;
				CLANG_CXX_LANGUAGE_STANDARD = "gnu++20";
				CLANG_ENABLE_MODULES = YES;
				CLANG_ENABLE_OBJC_ARC = YES;
				CLANG_ENABLE_OBJC_WEAK = YES;
				CLANG_WARN_BLOCK_CAPTURE_AUTORELEASING = YES;
				CLANG_WARN_BOOL_CONVERSION = YES;
				CLANG_WARN_COMMA = YES;
				CLANG_WARN_CONSTANT_CONVERSION = YES;
				CLANG_WARN_DEPRECATED_OBJC_IMPLEMENTATIONS = YES;
				CLANG_WARN_DIRECT_OBJC_ISA_USAGE = YES_ERROR;
				CLANG_WARN_DOCUMENTATION_COMMENTS = YES;
				CLANG_WARN_EMPTY_BODY = YES;
				CLANG_WARN_ENUM_CONVERSION = YES;
				CLANG_WARN_INFINITE_RECURSION = YES;
				CLANG_WARN_INT_CONVERSION = YES;
				CLANG_WARN_NON_LITERAL_NULL_CONVERSION = YES;
				CLANG_WARN_OBJC_IMPLICIT_RETAIN_SELF = YES;
				CLANG_WARN_OBJC_LITERAL_CONVERSION = YES;
				CLANG_WARN_OBJC_ROOT_CLASS = YES_ERROR;
				CLANG_WARN_QUOTED_INCLUDE_IN_FRAMEWORK_HEADER = YES;
				CLANG_WARN_RANGE_LOOP_ANALYSIS = YES;
				CLANG_WARN_STRICT_PROTOTYPES = YES;
				CLANG_WARN_SUSPICIOUS_MOVE = YES;
				CLANG_WARN_UNGUARDED_AVAILABILITY = YES_AGGRESSIVE;
				CLANG_WARN_UNREACHABLE_CODE = YES;
				CLANG_WARN__DUPLICATE_METHOD_MATCH = YES;
				COPY_PHASE_STRIP = NO;
				DEBUG_INFORMATION_FORMAT = dwarf;
				DEVELOPMENT_TEAM = BU2MKN6WK4;
				ENABLE_STRICT_OBJC_MSGSEND = YES;
				ENABLE_TESTABILITY = YES;
				ENABLE_USER_SCRIPT_SANDBOXING = YES;
				GCC_C_LANGUAGE_STANDARD = gnu17;
				GCC_DYNAMIC_NO_PIC = NO;
				GCC_NO_COMMON_BLOCKS = YES;
				GCC_OPTIMIZATION_LEVEL = 0;
				GCC_PREPROCESSOR_DEFINITIONS = (
					"DEBUG=1",
					"$(inherited)",
				);
				GCC_WARN_64_TO_32_BIT_CONVERSION = YES;
				GCC_WARN_ABOUT_RETURN_TYPE = YES_ERROR;
				GCC_WARN_UNDECLARED_SELECTOR = YES;
				GCC_WARN_UNINITIALIZED_AUTOS = YES_AGGRESSIVE;
				GCC_WARN_UNUSED_FUNCTION = YES;
				GCC_WARN_UNUSED_VARIABLE = YES;
				IPHONEOS_DEPLOYMENT_TARGET = 18.0;
				LOCALIZATION_PREFERS_STRING_CATALOGS = YES;
				MTL_ENABLE_DEBUG_INFO = INCLUDE_SOURCE;
				MTL_FAST_MATH = YES;
				ONLY_ACTIVE_ARCH = YES;
				SDKROOT = iphoneos;
				STRING_CATALOG_GENERATE_SYMBOLS = YES;
				SWIFT_ACTIVE_COMPILATION_CONDITIONS = "DEBUG $(inherited)";
				SWIFT_OPTIMIZATION_LEVEL = "-Onone";
			};
			name = Debug;
		};
		549DA6A82F75789B00274588 /* Release */ = {
			isa = XCBuildConfiguration;
			buildSettings = {
				ALWAYS_SEARCH_USER_PATHS = NO;
				ASSETCATALOG_COMPILER_GENERATE_SWIFT_ASSET_SYMBOL_EXTENSIONS = YES;
				CLANG_ANALYZER_NONNULL = YES;
				CLANG_ANALYZER_NUMBER_OBJECT_CONVERSION = YES_AGGRESSIVE;
				CLANG_CXX_LANGUAGE_STANDARD = "gnu++20";
				CLANG_ENABLE_MODULES = YES;
				CLANG_ENABLE_OBJC_ARC = YES;
				CLANG_ENABLE_OBJC_WEAK = YES;
				CLANG_WARN_BLOCK_CAPTURE_AUTORELEASING = YES;
				CLANG_WARN_BOOL_CONVERSION = YES;
				CLANG_WARN_COMMA = YES;
				CLANG_WARN_CONSTANT_CONVERSION = YES;
				CLANG_WARN_DEPRECATED_OBJC_IMPLEMENTATIONS = YES;
				CLANG_WARN_DIRECT_OBJC_ISA_USAGE = YES_ERROR;
				CLANG_WARN_DOCUMENTATION_COMMENTS = YES;
				CLANG_WARN_EMPTY_BODY = YES;
				CLANG_WARN_ENUM_CONVERSION = YES;
				CLANG_WARN_INFINITE_RECURSION = YES;
				CLANG_WARN_INT_CONVERSION = YES;
				CLANG_WARN_NON_LITERAL_NULL_CONVERSION = YES;
				CLANG_WARN_OBJC_IMPLICIT_RETAIN_SELF = YES;
				CLANG_WARN_OBJC_LITERAL_CONVERSION = YES;
				CLANG_WARN_OBJC_ROOT_CLASS = YES_ERROR;
				CLANG_WARN_QUOTED_INCLUDE_IN_FRAMEWORK_HEADER = YES;
				CLANG_WARN_RANGE_LOOP_ANALYSIS = YES;
				CLANG_WARN_STRICT_PROTOTYPES = YES;
				CLANG_WARN_SUSPICIOUS_MOVE = YES;
				CLANG_WARN_UNGUARDED_AVAILABILITY = YES_AGGRESSIVE;
				CLANG_WARN_UNREACHABLE_CODE = YES;
				CLANG_WARN__DUPLICATE_METHOD_MATCH = YES;
				COPY_PHASE_STRIP = NO;
				DEBUG_INFORMATION_FORMAT = "dwarf-with-dsym";
				DEVELOPMENT_TEAM = BU2MKN6WK4;
				ENABLE_NS_ASSERTIONS = NO;
				ENABLE_STRICT_OBJC_MSGSEND = YES;
				ENABLE_USER_SCRIPT_SANDBOXING = YES;
				GCC_C_LANGUAGE_STANDARD = gnu17;
				GCC_NO_COMMON_BLOCKS = YES;
				GCC_WARN_64_TO_32_BIT_CONVERSION = YES;
				GCC_WARN_ABOUT_RETURN_TYPE = YES_ERROR;
				GCC_WARN_UNDECLARED_SELECTOR = YES;
				GCC_WARN_UNINITIALIZED_AUTOS = YES_AGGRESSIVE;
				GCC_WARN_UNUSED_FUNCTION = YES;
				GCC_WARN_UNUSED_VARIABLE = YES;
				IPHONEOS_DEPLOYMENT_TARGET = 18.0;
				LOCALIZATION_PREFERS_STRING_CATALOGS = YES;
				MTL_ENABLE_DEBUG_INFO = NO;
				MTL_FAST_MATH = YES;
				SDKROOT = iphoneos;
				STRING_CATALOG_GENERATE_SYMBOLS = YES;
				SWIFT_COMPILATION_MODE = wholemodule;
				VALIDATE_PRODUCT = YES;
			};
			name = Release;
		};
		549DA6AA2F75789B00274588 /* Debug */ = {
			isa = XCBuildConfiguration;
			buildSettings = {
				ASSETCATALOG_COMPILER_APPICON_NAME = AppIcon;
				ASSETCATALOG_COMPILER_GLOBAL_ACCENT_COLOR_NAME = AccentColor;
				CODE_SIGN_STYLE = Automatic;
				CURRENT_PROJECT_VERSION = 1;
				DEVELOPMENT_TEAM = BU2MKN6WK4;
				ENABLE_PREVIEWS = YES;
				GENERATE_INFOPLIST_FILE = YES;
				INFOPLIST_FILE = AppInfo.plist;
				INFOPLIST_KEY_CFBundleDisplayName = JIMM;
				INFOPLIST_KEY_NSSupportsLiveActivities = YES;
				INFOPLIST_KEY_UIApplicationSceneManifest_Generation = YES;
				INFOPLIST_KEY_UIApplicationSupportsIndirectInputEvents = YES;
				INFOPLIST_KEY_UISupportedInterfaceOrientations_iPad = "UIInterfaceOrientationPortrait UIInterfaceOrientationPortraitUpsideDown UIInterfaceOrientationLandscapeLeft UIInterfaceOrientationLandscapeRight";
				INFOPLIST_KEY_UISupportedInterfaceOrientations_iPhone = "UIInterfaceOrientationPortrait UIInterfaceOrientationLandscapeLeft UIInterfaceOrientationLandscapeRight";
				LD_RUNPATH_SEARCH_PATHS = (
					"$(inherited)",
					"@executable_path/Frameworks",
				);
				MARKETING_VERSION = 1.0;
				PRODUCT_BUNDLE_IDENTIFIER = mch.jim;
				PRODUCT_NAME = "$(TARGET_NAME)";
				STRING_CATALOG_GENERATE_SYMBOLS = YES;
				SWIFT_APPROACHABLE_CONCURRENCY = YES;
				SWIFT_DEFAULT_ACTOR_ISOLATION = MainActor;
				SWIFT_EMIT_LOC_STRINGS = YES;
				SWIFT_UPCOMING_FEATURE_MEMBER_IMPORT_VISIBILITY = YES;
				SWIFT_VERSION = 5.0;
				TARGETED_DEVICE_FAMILY = "1,2";
			};
			name = Debug;
		};
		549DA6AB2F75789B00274588 /* Release */ = {
			isa = XCBuildConfiguration;
			buildSettings = {
				ASSETCATALOG_COMPILER_APPICON_NAME = AppIcon;
				ASSETCATALOG_COMPILER_GLOBAL_ACCENT_COLOR_NAME = AccentColor;
				CODE_SIGN_STYLE = Automatic;
				CURRENT_PROJECT_VERSION = 1;
				DEVELOPMENT_TEAM = BU2MKN6WK4;
				ENABLE_PREVIEWS = YES;
				GENERATE_INFOPLIST_FILE = YES;
				INFOPLIST_FILE = AppInfo.plist;
				INFOPLIST_KEY_CFBundleDisplayName = JIMM;
				INFOPLIST_KEY_NSSupportsLiveActivities = YES;
				INFOPLIST_KEY_UIApplicationSceneManifest_Generation = YES;
				INFOPLIST_KEY_UIApplicationSupportsIndirectInputEvents = YES;
				INFOPLIST_KEY_UISupportedInterfaceOrientations_iPad = "UIInterfaceOrientationPortrait UIInterfaceOrientationPortraitUpsideDown UIInterfaceOrientationLandscapeLeft UIInterfaceOrientationLandscapeRight";
				INFOPLIST_KEY_UISupportedInterfaceOrientations_iPhone = "UIInterfaceOrientationPortrait UIInterfaceOrientationLandscapeLeft UIInterfaceOrientationLandscapeRight";
				LD_RUNPATH_SEARCH_PATHS = (
					"$(inherited)",
					"@executable_path/Frameworks",
				);
				MARKETING_VERSION = 1.0;
				PRODUCT_BUNDLE_IDENTIFIER = mch.jim;
				PRODUCT_NAME = "$(TARGET_NAME)";
				STRING_CATALOG_GENERATE_SYMBOLS = YES;
				SWIFT_APPROACHABLE_CONCURRENCY = YES;
				SWIFT_DEFAULT_ACTOR_ISOLATION = MainActor;
				SWIFT_EMIT_LOC_STRINGS = YES;
				SWIFT_UPCOMING_FEATURE_MEMBER_IMPORT_VISIBILITY = YES;
				SWIFT_VERSION = 5.0;
				TARGETED_DEVICE_FAMILY = "1,2";
			};
			name = Release;
		};
		F1E1D1D82F75789B00274518 /* Debug */ = {
			isa = XCBuildConfiguration;
			buildSettings = {
				APPLICATION_EXTENSION_API_ONLY = YES;
				CODE_SIGN_STYLE = Automatic;
				CURRENT_PROJECT_VERSION = 1;
				DEVELOPMENT_TEAM = BU2MKN6WK4;
				GENERATE_INFOPLIST_FILE = YES;
				INFOPLIST_FILE = RestTimerLiveActivityExtension/Info.plist;
				INFOPLIST_KEY_CFBundleDisplayName = "Rest Timer";
				INFOPLIST_KEY_NSSupportsLiveActivities = YES;
				IPHONEOS_DEPLOYMENT_TARGET = 18.0;
				LD_RUNPATH_SEARCH_PATHS = (
					"$(inherited)",
					"@executable_path/Frameworks",
					"@executable_path/../../Frameworks",
				);
				MARKETING_VERSION = 1.0;
				PRODUCT_BUNDLE_IDENTIFIER = mch.jim.RestTimerLiveActivity;
				PRODUCT_NAME = "$(TARGET_NAME)";
				SKIP_INSTALL = YES;
				SWIFT_APPROACHABLE_CONCURRENCY = YES;
				SWIFT_DEFAULT_ACTOR_ISOLATION = MainActor;
				SWIFT_EMIT_LOC_STRINGS = YES;
				SWIFT_UPCOMING_FEATURE_MEMBER_IMPORT_VISIBILITY = YES;
				SWIFT_VERSION = 5.0;
				TARGETED_DEVICE_FAMILY = "1,2";
			};
			name = Debug;
		};
		F1E1D1DB2F75789B0027451B /* Release */ = {
			isa = XCBuildConfiguration;
			buildSettings = {
				APPLICATION_EXTENSION_API_ONLY = YES;
				CODE_SIGN_STYLE = Automatic;
				CURRENT_PROJECT_VERSION = 1;
				DEVELOPMENT_TEAM = BU2MKN6WK4;
				GENERATE_INFOPLIST_FILE = YES;
				INFOPLIST_FILE = RestTimerLiveActivityExtension/Info.plist;
				INFOPLIST_KEY_CFBundleDisplayName = "Rest Timer";
				INFOPLIST_KEY_NSSupportsLiveActivities = YES;
				IPHONEOS_DEPLOYMENT_TARGET = 18.0;
				LD_RUNPATH_SEARCH_PATHS = (
					"$(inherited)",
					"@executable_path/Frameworks",
					"@executable_path/../../Frameworks",
				);
				MARKETING_VERSION = 1.0;
				PRODUCT_BUNDLE_IDENTIFIER = mch.jim.RestTimerLiveActivity;
				PRODUCT_NAME = "$(TARGET_NAME)";
				SKIP_INSTALL = YES;
				SWIFT_APPROACHABLE_CONCURRENCY = YES;
				SWIFT_DEFAULT_ACTOR_ISOLATION = MainActor;
				SWIFT_EMIT_LOC_STRINGS = YES;
				SWIFT_UPCOMING_FEATURE_MEMBER_IMPORT_VISIBILITY = YES;
				SWIFT_VERSION = 5.0;
				TARGETED_DEVICE_FAMILY = "1,2";
			};
			name = Release;
		};
/* End XCBuildConfiguration section */

/* Begin XCConfigurationList section */
		549DA6992F75789900274588 /* Build configuration list for PBXProject "JIMM" */ = {
			isa = XCConfigurationList;
			buildConfigurations = (
				549DA6A72F75789B00274588 /* Debug */,
				549DA6A82F75789B00274588 /* Release */,
			);
			defaultConfigurationIsVisible = 0;
			defaultConfigurationName = Release;
		};
		549DA6A92F75789B00274588 /* Build configuration list for PBXNativeTarget "JIMM" */ = {
			isa = XCConfigurationList;
			buildConfigurations = (
				549DA6AA2F75789B00274588 /* Debug */,
				549DA6AB2F75789B00274588 /* Release */,
			);
			defaultConfigurationIsVisible = 0;
			defaultConfigurationName = Release;
		};
		F1E1D1D92F75789B00274519 /* Build configuration list for PBXNativeTarget "RestTimerLiveActivityExtension" */ = {
			isa = XCConfigurationList;
			buildConfigurations = (
				F1E1D1D82F75789B00274518 /* Debug */,
				F1E1D1DB2F75789B0027451B /* Release */,
			);
			defaultConfigurationIsVisible = 0;
			defaultConfigurationName = Release;
		};
/* End XCConfigurationList section */
	};
	rootObject = 549DA6962F75789900274588 /* Project object */;
}
